
Microsoft Visual Studio Solution File, Format Version 12.00
# Visual Studio Version 16
VisualStudioVersion = 16.0.29911.84
MinimumVisualStudioVersion = 10.0.40219.1
Project("{2150E333-8FDC-42A3-9474-1A3956D46DE8}") = "00 Implementation UML", "00 Implementation UML", "{4BC41FBD-45CB-4419-91B9-020EC4E6E1FF}"
EndProject
Project("{9A19103F-16F7-4668-BE54-9A1E7A4F7556}") = "DemoObserver", "DemoObserver\DemoObserver.csproj", "{4CA3150C-0F6F-4E99-9615-065F1C9CE316}"
EndProject
Project("{2150E333-8FDC-42A3-9474-1A3956D46DE8}") = "01 Solution Héritage Multiple", "01 Solution Héritage Multiple", "{2DD8CAB7-D8B5-4714-85BF-118A230E2FB6}"
EndProject
Project("{FAE04EC0-301F-11D3-BF4B-00C04F79EFBC}") = "DemoObserverV1", "DemoObserverV1\DemoObserverV1.csproj", "{DFD65291-BEE0-405A-BF55-2F8F6D6BB4BA}"
EndProject
Project("{2150E333-8FDC-42A3-9474-1A3956D46DE8}") = "02 Utilisation des délégués", "02 Utilisation des délégués", "{D8DD6448-F3F1-44F9-99E6-D6AAF34B9AE6}"
EndProject
Project("{FAE04EC0-301F-11D3-BF4B-00C04F79EFBC}") = "DemoObserverV2", "DemoObserverV2\DemoObserverV2.csproj", "{2E600A48-00C6-41A4-B935-0541C045DB87}"
EndProject
Global
	GlobalSection(SolutionConfigurationPlatforms) = preSolution
		Debug|Any CPU = Debug|Any CPU
		Release|Any CPU = Release|Any CPU
	EndGlobalSection
	GlobalSection(ProjectConfigurationPlatforms) = postSolution
		{4CA3150C-0F6F-4E99-9615-065F1C9CE316}.Debug|Any CPU.ActiveCfg = Debug|Any CPU
		{4CA3150C-0F6F-4E99-9615-065F1C9CE316}.Debug|Any CPU.Build.0 = Debug|Any CPU
		{4CA3150C-0F6F-4E99-9615-065F1C9CE316}.Release|Any CPU.ActiveCfg = Release|Any CPU
		{4CA3150C-0F6F-4E99-9615-065F1C9CE316}.Release|Any CPU.Build.0 = Release|Any CPU
		{DFD65291-BEE0-405A-BF55-2F8F6D6BB4BA}.Debug|Any CPU.ActiveCfg = Debug|Any CPU
		{DFD65291-BEE0-405A-BF55-2F8F6D6BB4BA}.Debug|Any CPU.Build.0 = Debug|Any CPU
		{DFD65291-BEE0-405A-BF55-2F8F6D6BB4BA}.Release|Any CPU.ActiveCfg = Release|Any CPU
		{DFD65291-BEE0-405A-BF55-2F8F6D6BB4BA}.Release|Any CPU.Build.0 = Release|Any CPU
		{2E600A48-00C6-41A4-B935-0541C045DB87}.Debug|Any CPU.ActiveCfg = Debug|Any CPU
		{2E600A48-00C6-41A4-B935-0541C045DB87}.Debug|Any CPU.Build.0 = Debug|Any CPU
		{2E600A48-00C6-41A4-B935-0541C045DB87}.Release|Any CPU.ActiveCfg = Release|Any CPU
		{2E600A48-00C6-41A4-B935-0541C045DB87}.Release|Any CPU.Build.0 = Release|Any CPU
	EndGlobalSection
	GlobalSection(SolutionProperties) = preSolution
		HideSolutionNode = FALSE
	EndGlobalSection
	GlobalSection(NestedProjects) = preSolution
		{4CA3150C-0F6F-4E99-9615-065F1C9CE316} = {4BC41FBD-45CB-4419-91B9-020EC4E6E1FF}
		{DFD65291-BEE0-405A-BF55-2F8F6D6BB4BA} = {2DD8CAB7-D8B5-4714-85BF-118A230E2FB6}
		{2E600A48-00C6-41A4-B935-0541C045DB87} = {D8DD6448-F3F1-44F9-99E6-D6AAF34B9AE6}
	EndGlobalSection
	GlobalSection(ExtensibilityGlobals) = postSolution
		SolutionGuid = {D781DE2B-A281-43D8-A6A5-D21CDBD08B08}
	EndGlobalSection
EndGlobal
